// !$*UTF8*$!
{
	archiveVersion = 1;
	classes = {
	};
	objectVersion = 77;
	objects = {

/* Begin PBXBuildFile section */
		EB31F7862D92D6BE00DEF773 /* GoogleSignIn in Frameworks */ = {isa = PBXBuildFile; productRef = EB31F7852D92D6BE00DEF773 /* GoogleSignIn */; };
		EB31F7882D92D6BE00DEF773 /* GoogleSignInSwift in Frameworks */ = {isa = PBXBuildFile; productRef = EB31F7872D92D6BE00DEF773 /* GoogleSignInSwift */; };
		EBDD408E2D6A714500B7A4FF /* ConfettiSwiftUI in Frameworks */ = {isa = PBXBuildFile; productRef = EBDD408D2D6A714500B7A4FF /* ConfettiSwiftUI */; };
		EBDD4EA72D91337C00B7A4FF /* FirebaseAnalytics in Frameworks */ = {isa = PBXBuildFile; productRef = EBDD4EA62D91337C00B7A4FF /* FirebaseAnalytics */; };
		EBDD4EA92D91337C00B7A4FF /* FirebaseAuth in Frameworks */ = {isa = PBXBuildFile; productRef = EBDD4EA82D91337C00B7A4FF /* FirebaseAuth */; };
		EBDD4EAB2D91337C00B7A4FF /* FirebaseFirestore in Frameworks */ = {isa = PBXBuildFile; productRef = EBDD4EAA2D91337C00B7A4FF /* FirebaseFirestore */; };
/* End PBXBuildFile section */

/* Begin PBXContainerItemProxy section */
		EBAD87122D679C250055704C /* PBXContainerItemProxy */ = {
			isa = PBXContainerItemProxy;
			containerPortal = EBAD86F92D679C210055704C /* Project object */;
			proxyType = 1;
			remoteGlobalIDString = EBAD87002D679C210055704C;
			remoteInfo = TODO;
		};
		EBAD871C2D679C250055704C /* PBXContainerItemProxy */ = {
			isa = PBXContainerItemProxy;
			containerPortal = EBAD86F92D679C210055704C /* Project object */;
			proxyType = 1;
			remoteGlobalIDString = EBAD87002D679C210055704C;
			remoteInfo = TODO;
		};
/* End PBXContainerItemProxy section */

/* Begin PBXFileReference section */
		EBAD87012D679C210055704C /* TODO.app */ = {isa = PBXFileReference; explicitFileType = wrapper.application; includeInIndex = 0; path = TODO.app; sourceTree = BUILT_PRODUCTS_DIR; };
		EBAD87112D679C250055704C /* TODOTests.xctest */ = {isa = PBXFileReference; explicitFileType = wrapper.cfbundle; includeInIndex = 0; path = TODOTests.xctest; sourceTree = BUILT_PRODUCTS_DIR; };
		EBAD871B2D679C250055704C /* TODOUITests.xctest */ = {isa = PBXFileReference; explicitFileType = wrapper.cfbundle; includeInIndex = 0; path = TODOUITests.xctest; sourceTree = BUILT_PRODUCTS_DIR; };
/* End PBXFileReference section */

/* Begin PBXFileSystemSynchronizedBuildFileExceptionSet section */
		EB31F78A2D92D98C00DEF773 /* Exceptions for "TODO" folder in "TODO" target */ = {
			isa = PBXFileSystemSynchronizedBuildFileExceptionSet;
			membershipExceptions = (
				Info.plist,
			);
			target = EBAD87002D679C210055704C /* TODO */;
		};
/* End PBXFileSystemSynchronizedBuildFileExceptionSet section */

/* Begin PBXFileSystemSynchronizedRootGroup section */
		EBAD87032D679C210055704C /* TODO */ = {
			isa = PBXFileSystemSynchronizedRootGroup;
			exceptions = (
				EB31F78A2D92D98C00DEF773 /* Exceptions for "TODO" folder in "TODO" target */,
			);
			path = TODO;
			sourceTree = "<group>";
		};
		EBAD87142D679C250055704C /* TODOTests */ = {
			isa = PBXFileSystemSynchronizedRootGroup;
			path = TODOTests;
			sourceTree = "<group>";
		};
		EBAD871E2D679C250055704C /* TODOUITests */ = {
			isa = PBXFileSystemSynchronizedRootGroup;
			path = TODOUITests;
			sourceTree = "<group>";
		};
/* End PBXFileSystemSynchronizedRootGroup section */

/* Begin PBXFrameworksBuildPhase section */
		EBAD86FE2D679C210055704C /* Frameworks */ = {
			isa = PBXFrameworksBuildPhase;
			buildActionMask = 2147483647;
			files = (
				EB31F7862D92D6BE00DEF773 /* GoogleSignIn in Frameworks */,
				EBDD4EA72D91337C00B7A4FF /* FirebaseAnalytics in Frameworks */,
				EBDD4EAB2D91337C00B7A4FF /* FirebaseFirestore in Frameworks */,
				EB31F7882D92D6BE00DEF773 /* GoogleSignInSwift in Frameworks */,
				EBDD4EA92D91337C00B7A4FF /* FirebaseAuth in Frameworks */,
				EBDD408E2D6A714500B7A4FF /* ConfettiSwiftUI in Frameworks */,
			);
			runOnlyForDeploymentPostprocessing = 0;
		};
		EBAD870E2D679C250055704C /* Frameworks */ = {
			isa = PBXFrameworksBuildPhase;
			buildActionMask = 2147483647;
			files = (
			);
			runOnlyForDeploymentPostprocessing = 0;
		};
		EBAD87182D679C250055704C /* Frameworks */ = {
			isa = PBXFrameworksBuildPhase;
			buildActionMask = 2147483647;
			files = (
			);
			runOnlyForDeploymentPostprocessing = 0;
		};
/* End PBXFrameworksBuildPhase section */

/* Begin PBXGroup section */
		EBAD86F82D679C210055704C = {
			isa = PBXGroup;
			children = (
				EBAD87032D679C210055704C /* TODO */,
				EBAD87142D679C250055704C /* TODOTests */,
				EBAD871E2D679C250055704C /* TODOUITests */,
				EBAD87022D679C210055704C /* Products */,
			);
			sourceTree = "<group>";
		};
		EBAD87022D679C210055704C /* Products */ = {
			isa = PBXGroup;
			children = (
				EBAD87012D679C210055704C /* TODO.app */,
				EBAD87112D679C250055704C /* TODOTests.xctest */,
				EBAD871B2D679C250055704C /* TODOUITests.xctest */,
			);
			name = Products;
			sourceTree = "<group>";
		};
/* End PBXGroup section */

/* Begin PBXNativeTarget section */
		EBAD87002D679C210055704C /* TODO */ = {
			isa = PBXNativeTarget;
			buildConfigurationList = EBAD87252D679C250055704C /* Build configuration list for PBXNativeTarget "TODO" */;
			buildPhases = (
				EBAD86FD2D679C210055704C /* Sources */,
				EBAD86FE2D679C210055704C /* Frameworks */,
				EBAD86FF2D679C210055704C /* Resources */,
			);
			buildRules = (
			);
			dependencies = (
			);
			fileSystemSynchronizedGroups = (
				EBAD87032D679C210055704C /* TODO */,
			);
			name = TODO;
			packageProductDependencies = (
				EBDD408D2D6A714500B7A4FF /* ConfettiSwiftUI */,
				EBDD4EA62D91337C00B7A4FF /* FirebaseAnalytics */,
				EBDD4EA82D91337C00B7A4FF /* FirebaseAuth */,
				EBDD4EAA2D91337C00B7A4FF /* FirebaseFirestore */,
				EB31F7852D92D6BE00DEF773 /* GoogleSignIn */,
				EB31F7872D92D6BE00DEF773 /* GoogleSignInSwift */,
			);
			productName = TODO;
			productReference = EBAD87012D679C210055704C /* TODO.app */;
			productType = "com.apple.product-type.application";
		};
		EBAD87102D679C250055704C /* TODOTests */ = {
			isa = PBXNativeTarget;
			buildConfigurationList = EBAD87282D679C250055704C /* Build configuration list for PBXNativeTarget "TODOTests" */;
			buildPhases = (
				EBAD870D2D679C250055704C /* Sources */,
				EBAD870E2D679C250055704C /* Frameworks */,
				EBAD870F2D679C250055704C /* Resources */,
			);
			buildRules = (
			);
			dependencies = (
				EBAD87132D679C250055704C /* PBXTargetDependency */,
			);
			fileSystemSynchronizedGroups = (
				EBAD87142D679C250055704C /* TODOTests */,
			);
			name = TODOTests;
			packageProductDependencies = (
			);
			productName = TODOTests;
			productReference = EBAD87112D679C250055704C /* TODOTests.xctest */;
			productType = "com.apple.product-type.bundle.unit-test";
		};
		EBAD871A2D679C250055704C /* TODOUITests */ = {
			isa = PBXNativeTarget;
			buildConfigurationList = EBAD872B2D679C250055704C /* Build configuration list for PBXNativeTarget "TODOUITests" */;
			buildPhases = (
				EBAD87172D679C250055704C /* Sources */,
				EBAD87182D679C250055704C /* Frameworks */,
				EBAD87192D679C250055704C /* Resources */,
			);
			buildRules = (
			);
			dependencies = (
				EBAD871D2D679C250055704C /* PBXTargetDependency */,
			);
			fileSystemSynchronizedGroups = (
				EBAD871E2D679C250055704C /* TODOUITests */,
			);
			name = TODOUITests;
			packageProductDependencies = (
			);
			productName = TODOUITests;
			productReference = EBAD871B2D679C250055704C /* TODOUITests.xctest */;
			productType = "com.apple.product-type.bundle.ui-testing";
		};
/* End PBXNativeTarget section */

/* Begin PBXProject section */
		EBAD86F92D679C210055704C /* Project object */ = {
			isa = PBXProject;
			attributes = {
				BuildIndependentTargetsInParallel = 1;
				LastSwiftUpdateCheck = 1610;
				LastUpgradeCheck = 1610;
				TargetAttributes = {
					EBAD87002D679C210055704C = {
						CreatedOnToolsVersion = 16.1;
					};
					EBAD87102D679C250055704C = {
						CreatedOnToolsVersion = 16.1;
						TestTargetID = EBAD87002D679C210055704C;
					};
					EBAD871A2D679C250055704C = {
						CreatedOnToolsVersion = 16.1;
						TestTargetID = EBAD87002D679C210055704C;
					};
				};
			};
			buildConfigurationList = EBAD86FC2D679C210055704C /* Build configuration list for PBXProject "TODO" */;
			developmentRegion = en;
			hasScannedForEncodings = 0;
			knownRegions = (
				en,
				Base,
			);
			mainGroup = EBAD86F82D679C210055704C;
			minimizedProjectReferenceProxies = 1;
			packageReferences = (
				EBDD408C2D6A704200B7A4FF /* XCRemoteSwiftPackageReference "ConfettiSwiftUI" */,
				EBDD4EA52D91337C00B7A4FF /* XCRemoteSwiftPackageReference "firebase-ios-sdk" */,
				EB31F7842D92D6BE00DEF773 /* XCRemoteSwiftPackageReference "GoogleSignIn-iOS" */,
			);
			preferredProjectObjectVersion = 77;
			productRefGroup = EBAD87022D679C210055704C /* Products */;
			projectDirPath = "";
			projectRoot = "";
			targets = (
				EBAD87002D679C210055704C /* TODO */,
				EBAD87102D679C250055704C /* TODOTests */,
				EBAD871A2D679C250055704C /* TODOUITests */,
			);
		};
/* End PBXProject section */

/* Begin PBXResourcesBuildPhase section */
		EBAD86FF2D679C210055704C /* Resources */ = {
			isa = PBXResourcesBuildPhase;
			buildActionMask = 2147483647;
			files = (
			);
			runOnlyForDeploymentPostprocessing = 0;
		};
		EBAD870F2D679C250055704C /* Resources */ = {
			isa = PBXResourcesBuildPhase;
			buildActionMask = 2147483647;
			files = (
			);
			runOnlyForDeploymentPostprocessing = 0;
		};
		EBAD87192D679C250055704C /* Resources */ = {
			isa = PBXResourcesBuildPhase;
			buildActionMask = 2147483647;
			files = (
			);
			runOnlyForDeploymentPostprocessing = 0;
		};
/* End PBXResourcesBuildPhase section */

/* Begin PBXSourcesBuildPhase section */
		EBAD86FD2D679C210055704C /* Sources */ = {
			isa = PBXSourcesBuildPhase;
			buildActionMask = 2147483647;
			files = (
			);
			runOnlyForDeploymentPostprocessing = 0;
		};
		EBAD870D2D679C250055704C /* Sources */ = {
			isa = PBXSourcesBuildPhase;
			buildActionMask = 2147483647;
			files = (
			);
			runOnlyForDeploymentPostprocessing = 0;
		};
		EBAD87172D679C250055704C /* Sources */ = {
			isa = PBXSourcesBuildPhase;
			buildActionMask = 2147483647;
			files = (
			);
			runOnlyForDeploymentPostprocessing = 0;
		};
/* End PBXSourcesBuildPhase section */

/* Begin PBXTargetDependency section */
		EBAD87132D679C250055704C /* PBXTargetDependency */ = {
			isa = PBXTargetDependency;
			target = EBAD87002D679C210055704C /* TODO */;
			targetProxy = EBAD87122D679C250055704C /* PBXContainerItemProxy */;
		};
		EBAD871D2D679C250055704C /* PBXTargetDependency */ = {
			isa = PBXTargetDependency;
			target = EBAD87002D679C210055704C /* TODO */;
			targetProxy = EBAD871C2D679C250055704C /* PBXContainerItemProxy */;
		};
/* End PBXTargetDependency section */

/* Begin XCBuildConfiguration section */
		EBAD87232D679C250055704C /* Debug */ = {
			isa = XCBuildConfiguration;
			buildSettings = {
				ALWAYS_SEARCH_USER_PATHS = NO;
				ASSETCATALOG_COMPILER_GENERATE_SWIFT_ASSET_SYMBOL_EXTENSIONS = YES;
				CLANG_ANALYZER_NONNULL = YES;
				CLANG_ANALYZER_NUMBER_OBJECT_CONVERSION = YES_AGGRESSIVE;
				CLANG_CXX_LANGUAGE_STANDARD = "gnu++20";
				CLANG_ENABLE_MODULES = YES;
				CLANG_ENABLE_OBJC_ARC = YES;
				CLANG_ENABLE_OBJC_WEAK = YES;
				CLANG_WARN_BLOCK_CAPTURE_AUTORELEASING = YES;
				CLANG_WARN_BOOL_CONVERSION = YES;
				CLANG_WARN_COMMA = YES;
				CLANG_WARN_CONSTANT_CONVERSION = YES;
				CLANG_WARN_DEPRECATED_OBJC_IMPLEMENTATIONS = YES;
				CLANG_WARN_DIRECT_OBJC_ISA_USAGE = YES_ERROR;
				CLANG_WARN_DOCUMENTATION_COMMENTS = YES;
				CLANG_WARN_EMPTY_BODY = YES;
				CLANG_WARN_ENUM_CONVERSION = YES;
				CLANG_WARN_INFINITE_RECURSION = YES;
				CLANG_WARN_INT_CONVERSION = YES;
				CLANG_WARN_NON_LITERAL_NULL_CONVERSION = YES;
				CLANG_WARN_OBJC_IMPLICIT_RETAIN_SELF = YES;
				CLANG_WARN_OBJC_LITERAL_CONVERSION = YES;
				CLANG_WARN_OBJC_ROOT_CLASS = YES_ERROR;
				CLANG_WARN_QUOTED_INCLUDE_IN_FRAMEWORK_HEADER = YES;
				CLANG_WARN_RANGE_LOOP_ANALYSIS = YES;
				CLANG_WARN_STRICT_PROTOTYPES = YES;
				CLANG_WARN_SUSPICIOUS_MOVE = YES;
				CLANG_WARN_UNGUARDED_AVAILABILITY = YES_AGGRESSIVE;
				CLANG_WARN_UNREACHABLE_CODE = YES;
				CLANG_WARN__DUPLICATE_METHOD_MATCH = YES;
				COPY_PHASE_STRIP = NO;
				DEBUG_INFORMATION_FORMAT = dwarf;
				ENABLE_STRICT_OBJC_MSGSEND = YES;
				ENABLE_TESTABILITY = YES;
				ENABLE_USER_SCRIPT_SANDBOXING = YES;
				GCC_C_LANGUAGE_STANDARD = gnu17;
				GCC_DYNAMIC_NO_PIC = NO;
				GCC_NO_COMMON_BLOCKS = YES;
				GCC_OPTIMIZATION_LEVEL = 0;
				GCC_PREPROCESSOR_DEFINITIONS = (
					"DEBUG=1",
					"$(inherited)",
				);
				GCC_WARN_64_TO_32_BIT_CONVERSION = YES;
				GCC_WARN_ABOUT_RETURN_TYPE = YES_ERROR;
				GCC_WARN_UNDECLARED_SELECTOR = YES;
				GCC_WARN_UNINITIALIZED_AUTOS = YES_AGGRESSIVE;
				GCC_WARN_UNUSED_FUNCTION = YES;
				GCC_WARN_UNUSED_VARIABLE = YES;
				IPHONEOS_DEPLOYMENT_TARGET = 18.1;
				LOCALIZATION_PREFERS_STRING_CATALOGS = YES;
				MTL_ENABLE_DEBUG_INFO = INCLUDE_SOURCE;
				MTL_FAST_MATH = YES;
				ONLY_ACTIVE_ARCH = YES;
				SDKROOT = iphoneos;
				SWIFT_ACTIVE_COMPILATION_CONDITIONS = "DEBUG $(inherited)";
				SWIFT_OPTIMIZATION_LEVEL = "-Onone";
			};
			name = Debug;
		};
		EBAD87242D679C250055704C /* Release */ = {
			isa = XCBuildConfiguration;
			buildSettings = {
				ALWAYS_SEARCH_USER_PATHS = NO;
				ASSETCATALOG_COMPILER_GENERATE_SWIFT_ASSET_SYMBOL_EXTENSIONS = YES;
				CLANG_ANALYZER_NONNULL = YES;
				CLANG_ANALYZER_NUMBER_OBJECT_CONVERSION = YES_AGGRESSIVE;
				CLANG_CXX_LANGUAGE_STANDARD = "gnu++20";
				CLANG_ENABLE_MODULES = YES;
				CLANG_ENABLE_OBJC_ARC = YES;
				CLANG_ENABLE_OBJC_WEAK = YES;
				CLANG_WARN_BLOCK_CAPTURE_AUTORELEASING = YES;
				CLANG_WARN_BOOL_CONVERSION = YES;
				CLANG_WARN_COMMA = YES;
				CLANG_WARN_CONSTANT_CONVERSION = YES;
				CLANG_WARN_DEPRECATED_OBJC_IMPLEMENTATIONS = YES;
				CLANG_WARN_DIRECT_OBJC_ISA_USAGE = YES_ERROR;
				CLANG_WARN_DOCUMENTATION_COMMENTS = YES;
				CLANG_WARN_EMPTY_BODY = YES;
				CLANG_WARN_ENUM_CONVERSION = YES;
				CLANG_WARN_INFINITE_RECURSION = YES;
				CLANG_WARN_INT_CONVERSION = YES;
				CLANG_WARN_NON_LITERAL_NULL_CONVERSION = YES;
				CLANG_WARN_OBJC_IMPLICIT_RETAIN_SELF = YES;
				CLANG_WARN_OBJC_LITERAL_CONVERSION = YES;
				CLANG_WARN_OBJC_ROOT_CLASS = YES_ERROR;
				CLANG_WARN_QUOTED_INCLUDE_IN_FRAMEWORK_HEADER = YES;
				CLANG_WARN_RANGE_LOOP_ANALYSIS = YES;
				CLANG_WARN_STRICT_PROTOTYPES = YES;
				CLANG_WARN_SUSPICIOUS_MOVE = YES;
				CLANG_WARN_UNGUARDED_AVAILABILITY = YES_AGGRESSIVE;
				CLANG_WARN_UNREACHABLE_CODE = YES;
				CLANG_WARN__DUPLICATE_METHOD_MATCH = YES;
				COPY_PHASE_STRIP = NO;
				DEBUG_INFORMATION_FORMAT = "dwarf-with-dsym";
				ENABLE_NS_ASSERTIONS = NO;
				ENABLE_STRICT_OBJC_MSGSEND = YES;
				ENABLE_USER_SCRIPT_SANDBOXING = YES;
				GCC_C_LANGUAGE_STANDARD = gnu17;
				GCC_NO_COMMON_BLOCKS = YES;
				GCC_WARN_64_TO_32_BIT_CONVERSION = YES;
				GCC_WARN_ABOUT_RETURN_TYPE = YES_ERROR;
				GCC_WARN_UNDECLARED_SELECTOR = YES;
				GCC_WARN_UNINITIALIZED_AUTOS = YES_AGGRESSIVE;
				GCC_WARN_UNUSED_FUNCTION = YES;
				GCC_WARN_UNUSED_VARIABLE = YES;
				IPHONEOS_DEPLOYMENT_TARGET = 18.1;
				LOCALIZATION_PREFERS_STRING_CATALOGS = YES;
				MTL_ENABLE_DEBUG_INFO = NO;
				MTL_FAST_MATH = YES;
				SDKROOT = iphoneos;
				SWIFT_COMPILATION_MODE = wholemodule;
				VALIDATE_PRODUCT = YES;
			};
			name = Release;
		};
		EBAD87262D679C250055704C /* Debug */ = {
			isa = XCBuildConfiguration;
			buildSettings = {
				ASSETCATALOG_COMPILER_APPICON_NAME = AppIcon;
				ASSETCATALOG_COMPILER_GLOBAL_ACCENT_COLOR_NAME = AccentColor;
				CODE_SIGN_STYLE = Automatic;
				CURRENT_PROJECT_VERSION = 1;
				DEVELOPMENT_ASSET_PATHS = "\"TODO/Preview Content\"";
				DEVELOPMENT_TEAM = Q68YACLX35;
				ENABLE_PREVIEWS = YES;
				GENERATE_INFOPLIST_FILE = YES;
				INFOPLIST_FILE = TODO/Info.plist;
				INFOPLIST_KEY_UIApplicationSceneManifest_Generation = YES;
				INFOPLIST_KEY_UIApplicationSupportsIndirectInputEvents = YES;
				INFOPLIST_KEY_UILaunchScreen_Generation = YES;
				INFOPLIST_KEY_UISupportedInterfaceOrientations_iPad = "UIInterfaceOrientationPortrait UIInterfaceOrientationPortraitUpsideDown UIInterfaceOrientationLandscapeLeft UIInterfaceOrientationLandscapeRight";
				INFOPLIST_KEY_UISupportedInterfaceOrientations_iPhone = "UIInterfaceOrientationPortrait UIInterfaceOrientationLandscapeLeft UIInterfaceOrientationLandscapeRight";
				LD_RUNPATH_SEARCH_PATHS = (
					"$(inherited)",
					"@executable_path/Frameworks",
				);
				MARKETING_VERSION = 1.0;
				PRODUCT_BUNDLE_IDENTIFIER = com.eightbitbiss.TODO;
				PRODUCT_NAME = "$(TARGET_NAME)";
				SWIFT_EMIT_LOC_STRINGS = YES;
				SWIFT_VERSION = 5.0;
				TARGETED_DEVICE_FAMILY = "1,2";
			};
			name = Debug;
		};
		EBAD87272D679C250055704C /* Release */ = {
			isa = XCBuildConfiguration;
			buildSettings = {
				ASSETCATALOG_COMPILER_APPICON_NAME = AppIcon;
				ASSETCATALOG_COMPILER_GLOBAL_ACCENT_COLOR_NAME = AccentColor;
				CODE_SIGN_STYLE = Automatic;
				CURRENT_PROJECT_VERSION = 1;
				DEVELOPMENT_ASSET_PATHS = "\"TODO/Preview Content\"";
				DEVELOPMENT_TEAM = Q68YACLX35;
				ENABLE_PREVIEWS = YES;
				GENERATE_INFOPLIST_FILE = YES;
				INFOPLIST_FILE = TODO/Info.plist;
				INFOPLIST_KEY_UIApplicationSceneManifest_Generation = YES;
				INFOPLIST_KEY_UIApplicationSupportsIndirectInputEvents = YES;
				INFOPLIST_KEY_UILaunchScreen_Generation = YES;
				INFOPLIST_KEY_UISupportedInterfaceOrientations_iPad = "UIInterfaceOrientationPortrait UIInterfaceOrientationPortraitUpsideDown UIInterfaceOrientationLandscapeLeft UIInterfaceOrientationLandscapeRight";
				INFOPLIST_KEY_UISupportedInterfaceOrientations_iPhone = "UIInterfaceOrientationPortrait UIInterfaceOrientationLandscapeLeft UIInterfaceOrientationLandscapeRight";
				LD_RUNPATH_SEARCH_PATHS = (
					"$(inherited)",
					"@executable_path/Frameworks",
				);
				MARKETING_VERSION = 1.0;
				PRODUCT_BUNDLE_IDENTIFIER = com.eightbitbiss.TODO;
				PRODUCT_NAME = "$(TARGET_NAME)";
				SWIFT_EMIT_LOC_STRINGS = YES;
				SWIFT_VERSION = 5.0;
				TARGETED_DEVICE_FAMILY = "1,2";
			};
			name = Release;
		};
		EBAD87292D679C250055704C /* Debug */ = {
			isa = XCBuildConfiguration;
			buildSettings = {
				BUNDLE_LOADER = "$(TEST_HOST)";
				CODE_SIGN_STYLE = Automatic;
				CURRENT_PROJECT_VERSION = 1;
				GENERATE_INFOPLIST_FILE = YES;
				IPHONEOS_DEPLOYMENT_TARGET = 18.1;
				MARKETING_VERSION = 1.0;
				PRODUCT_BUNDLE_IDENTIFIER = com.eightbitbiss.TODOTests;
				PRODUCT_NAME = "$(TARGET_NAME)";
				SWIFT_EMIT_LOC_STRINGS = NO;
				SWIFT_VERSION = 5.0;
				TARGETED_DEVICE_FAMILY = "1,2";
				TEST_HOST = "$(BUILT_PRODUCTS_DIR)/TODO.app/$(BUNDLE_EXECUTABLE_FOLDER_PATH)/TODO";
			};
			name = Debug;
		};
		EBAD872A2D679C250055704C /* Release */ = {
			isa = XCBuildConfiguration;
			buildSettings = {
				BUNDLE_LOADER = "$(TEST_HOST)";
				CODE_SIGN_STYLE = Automatic;
				CURRENT_PROJECT_VERSION = 1;
				GENERATE_INFOPLIST_FILE = YES;
				IPHONEOS_DEPLOYMENT_TARGET = 18.1;
				MARKETING_VERSION = 1.0;
				PRODUCT_BUNDLE_IDENTIFIER = com.eightbitbiss.TODOTests;
				PRODUCT_NAME = "$(TARGET_NAME)";
				SWIFT_EMIT_LOC_STRINGS = NO;
				SWIFT_VERSION = 5.0;
				TARGETED_DEVICE_FAMILY = "1,2";
				TEST_HOST = "$(BUILT_PRODUCTS_DIR)/TODO.app/$(BUNDLE_EXECUTABLE_FOLDER_PATH)/TODO";
			};
			name = Release;
		};
		EBAD872C2D679C250055704C /* Debug */ = {
			isa = XCBuildConfiguration;
			buildSettings = {
				CODE_SIGN_STYLE = Automatic;
				CURRENT_PROJECT_VERSION = 1;
				GENERATE_INFOPLIST_FILE = YES;
				MARKETING_VERSION = 1.0;
				PRODUCT_BUNDLE_IDENTIFIER = com.eightbitbiss.TODOUITests;
				PRODUCT_NAME = "$(TARGET_NAME)";
				SWIFT_EMIT_LOC_STRINGS = NO;
				SWIFT_VERSION = 5.0;
				TARGETED_DEVICE_FAMILY = "1,2";
				TEST_TARGET_NAME = TODO;
			};
			name = Debug;
		};
		EBAD872D2D679C250055704C /* Release */ = {
			isa = XCBuildConfiguration;
			buildSettings = {
				CODE_SIGN_STYLE = Automatic;
				CURRENT_PROJECT_VERSION = 1;
				GENERATE_INFOPLIST_FILE = YES;
				MARKETING_VERSION = 1.0;
				PRODUCT_BUNDLE_IDENTIFIER = com.eightbitbiss.TODOUITests;
				PRODUCT_NAME = "$(TARGET_NAME)";
				SWIFT_EMIT_LOC_STRINGS = NO;
				SWIFT_VERSION = 5.0;
				TARGETED_DEVICE_FAMILY = "1,2";
				TEST_TARGET_NAME = TODO;
			};
			name = Release;
		};
/* End XCBuildConfiguration section */

/* Begin XCConfigurationList section */
		EBAD86FC2D679C210055704C /* Build configuration list for PBXProject "TODO" */ = {
			isa = XCConfigurationList;
			buildConfigurations = (
				EBAD87232D679C250055704C /* Debug */,
				EBAD87242D679C250055704C /* Release */,
			);
			defaultConfigurationIsVisible = 0;
			defaultConfigurationName = Release;
		};
		EBAD87252D679C250055704C /* Build configuration list for PBXNativeTarget "TODO" */ = {
			isa = XCConfigurationList;
			buildConfigurations = (
				EBAD87262D679C250055704C /* Debug */,
				EBAD87272D679C250055704C /* Release */,
			);
			defaultConfigurationIsVisible = 0;
			defaultConfigurationName = Release;
		};
		EBAD87282D679C250055704C /* Build configuration list for PBXNativeTarget "TODOTests" */ = {
			isa = XCConfigurationList;
			buildConfigurations = (
				EBAD87292D679C250055704C /* Debug */,
				EBAD872A2D679C250055704C /* Release */,
			);
			defaultConfigurationIsVisible = 0;
			defaultConfigurationName = Release;
		};
		EBAD872B2D679C250055704C /* Build configuration list for PBXNativeTarget "TODOUITests" */ = {
			isa = XCConfigurationList;
			buildConfigurations = (
				EBAD872C2D679C250055704C /* Debug */,
				EBAD872D2D679C250055704C /* Release */,
			);
			defaultConfigurationIsVisible = 0;
			defaultConfigurationName = Release;
		};
/* End XCConfigurationList section */

/* Begin XCRemoteSwiftPackageReference section */
		EB31F7842D92D6BE00DEF773 /* XCRemoteSwiftPackageReference "GoogleSignIn-iOS" */ = {
			isa = XCRemoteSwiftPackageReference;
			repositoryURL = "https://github.com/google/GoogleSignIn-iOS";
			requirement = {
				kind = upToNextMajorVersion;
				minimumVersion = 8.0.0;
			};
		};
		EBDD408C2D6A704200B7A4FF /* XCRemoteSwiftPackageReference "ConfettiSwiftUI" */ = {
			isa = XCRemoteSwiftPackageReference;
			repositoryURL = "https://github.com/simibac/ConfettiSwiftUI.git";
			requirement = {
				kind = upToNextMajorVersion;
				minimumVersion = 2.0.2;
			};
		};
		EBDD4EA52D91337C00B7A4FF /* XCRemoteSwiftPackageReference "firebase-ios-sdk" */ = {
			isa = XCRemoteSwiftPackageReference;
			repositoryURL = "https://github.com/firebase/firebase-ios-sdk.git";
			requirement = {
				kind = upToNextMajorVersion;
				minimumVersion = 11.10.0;
			};
		};
/* End XCRemoteSwiftPackageReference section */

/* Begin XCSwiftPackageProductDependency section */
		EB31F7852D92D6BE00DEF773 /* GoogleSignIn */ = {
			isa = XCSwiftPackageProductDependency;
			package = EB31F7842D92D6BE00DEF773 /* XCRemoteSwiftPackageReference "GoogleSignIn-iOS" */;
			productName = GoogleSignIn;
		};
		EB31F7872D92D6BE00DEF773 /* GoogleSignInSwift */ = {
			isa = XCSwiftPackageProductDependency;
			package = EB31F7842D92D6BE00DEF773 /* XCRemoteSwiftPackageReference "GoogleSignIn-iOS" */;
			productName = GoogleSignInSwift;
		};
		EBDD408D2D6A714500B7A4FF /* ConfettiSwiftUI */ = {
			isa = XCSwiftPackageProductDependency;
			productName = ConfettiSwiftUI;
		};
		EBDD4EA62D91337C00B7A4FF /* FirebaseAnalytics */ = {
			isa = XCSwiftPackageProductDependency;
			package = EBDD4EA52D91337C00B7A4FF /* XCRemoteSwiftPackageReference "firebase-ios-sdk" */;
			productName = FirebaseAnalytics;
		};
		EBDD4EA82D91337C00B7A4FF /* FirebaseAuth */ = {
			isa = XCSwiftPackageProductDependency;
			package = EBDD4EA52D91337C00B7A4FF /* XCRemoteSwiftPackageReference "firebase-ios-sdk" */;
			productName = FirebaseAuth;
		};
		EBDD4EAA2D91337C00B7A4FF /* FirebaseFirestore */ = {
			isa = XCSwiftPackageProductDependency;
			package = EBDD4EA52D91337C00B7A4FF /* XCRemoteSwiftPackageReference "firebase-ios-sdk" */;
			productName = FirebaseFirestore;
		};
/* End XCSwiftPackageProductDependency section */
	};
	rootObject = EBAD86F92D679C210055704C /* Project object */;
}
